
Microsoft Visual Studio Solution File, Format Version 12.00
# Visual Studio Version 17
VisualStudioVersion = 17.14.36511.14
MinimumVisualStudioVersion = 10.0.40219.1
Project("{9A19103F-16F7-4668-BE54-9A1E7A4F7556}") = "ChompGame", "ChompGame\ChompGame.csproj", "{118DD0A0-E5DC-44B2-9AE9-824281EA097C}"
EndProject
Project("{FAE04EC0-301F-11D3-BF4B-00C04F79EFBC}") = "ChompGame.Dev", "ChompGame.Dev\ChompGame.Dev.csproj", "{4544E080-9170-4F77-ABB3-6A82452AC848}"
EndProject
Global
	GlobalSection(SolutionConfigurationPlatforms) = preSolution
		Debug|Any CPU = Debug|Any CPU
		Release|Any CPU = Release|Any CPU
	EndGlobalSection
	GlobalSection(ProjectConfigurationPlatforms) = postSolution
		{118DD0A0-E5DC-44B2-9AE9-824281EA097C}.Debug|Any CPU.ActiveCfg = Debug|Any CPU
		{118DD0A0-E5DC-44B2-9AE9-824281EA097C}.Debug|Any CPU.Build.0 = Debug|Any CPU
		{118DD0A0-E5DC-44B2-9AE9-824281EA097C}.Release|Any CPU.ActiveCfg = Release|Any CPU
		{118DD0A0-E5DC-44B2-9AE9-824281EA097C}.Release|Any CPU.Build.0 = Release|Any CPU
		{4544E080-9170-4F77-ABB3-6A82452AC848}.Debug|Any CPU.ActiveCfg = Debug|Any CPU
		{4544E080-9170-4F77-ABB3-6A82452AC848}.Debug|Any CPU.Build.0 = Debug|Any CPU
		{4544E080-9170-4F77-ABB3-6A82452AC848}.Release|Any CPU.ActiveCfg = Release|Any CPU
		{4544E080-9170-4F77-ABB3-6A82452AC848}.Release|Any CPU.Build.0 = Release|Any CPU
	EndGlobalSection
	GlobalSection(SolutionProperties) = preSolution
		HideSolutionNode = FALSE
	EndGlobalSection
	GlobalSection(ExtensibilityGlobals) = postSolution
		SolutionGuid = {5B6B0306-624E-4648-BD2D-15562954E95F}
	EndGlobalSection
EndGlobal
